
Microsoft Visual Studio Solution File, Format Version 12.00
# Visual Studio Version 16
VisualStudioVersion = 16.0.31105.61
MinimumVisualStudioVersion = 10.0.40219.1
Project("{9A19103F-16F7-4668-BE54-9A1E7A4F7556}") = "asp.net core webapi", "asp.net core webapi\asp.net core webapi.csproj", "{08C46F56-2574-4367-AE72-72B1E885C6E5}"
EndProject
Project("{FAE04EC0-301F-11D3-BF4B-00C04F79EFBC}") = "DTO", "DTO\DTO.csproj", "{21238131-C16B-4ED3-BBBD-BDEB044198B8}"
EndProject
Project("{FAE04EC0-301F-11D3-BF4B-00C04F79EFBC}") = "taskManageent.BL", "taskManageent.BL\taskManageent.BL.csproj", "{757D59B4-26F7-4372-BE3A-494D2965A800}"
EndProject
Project("{FAE04EC0-301F-11D3-BF4B-00C04F79EFBC}") = "tasksManagement.DAL", "tasksManagement.DAL\tasksManagement.DAL.csproj", "{B4AD2662-896B-4521-AEF4-D8A5D4000AC1}"
EndProject
Global
	GlobalSection(SolutionConfigurationPlatforms) = preSolution
		Debug|Any CPU = Debug|Any CPU
		Release|Any CPU = Release|Any CPU
	EndGlobalSection
	GlobalSection(ProjectConfigurationPlatforms) = postSolution
		{08C46F56-2574-4367-AE72-72B1E885C6E5}.Debug|Any CPU.ActiveCfg = Debug|Any CPU
		{08C46F56-2574-4367-AE72-72B1E885C6E5}.Debug|Any CPU.Build.0 = Debug|Any CPU
		{08C46F56-2574-4367-AE72-72B1E885C6E5}.Release|Any CPU.ActiveCfg = Release|Any CPU
		{08C46F56-2574-4367-AE72-72B1E885C6E5}.Release|Any CPU.Build.0 = Release|Any CPU
		{21238131-C16B-4ED3-BBBD-BDEB044198B8}.Debug|Any CPU.ActiveCfg = Debug|Any CPU
		{21238131-C16B-4ED3-BBBD-BDEB044198B8}.Debug|Any CPU.Build.0 = Debug|Any CPU
		{21238131-C16B-4ED3-BBBD-BDEB044198B8}.Release|Any CPU.ActiveCfg = Release|Any CPU
		{21238131-C16B-4ED3-BBBD-BDEB044198B8}.Release|Any CPU.Build.0 = Release|Any CPU
		{757D59B4-26F7-4372-BE3A-494D2965A800}.Debug|Any CPU.ActiveCfg = Debug|Any CPU
		{757D59B4-26F7-4372-BE3A-494D2965A800}.Debug|Any CPU.Build.0 = Debug|Any CPU
		{757D59B4-26F7-4372-BE3A-494D2965A800}.Release|Any CPU.ActiveCfg = Release|Any CPU
		{757D59B4-26F7-4372-BE3A-494D2965A800}.Release|Any CPU.Build.0 = Release|Any CPU
		{B4AD2662-896B-4521-AEF4-D8A5D4000AC1}.Debug|Any CPU.ActiveCfg = Debug|Any CPU
		{B4AD2662-896B-4521-AEF4-D8A5D4000AC1}.Debug|Any CPU.Build.0 = Debug|Any CPU
		{B4AD2662-896B-4521-AEF4-D8A5D4000AC1}.Release|Any CPU.ActiveCfg = Release|Any CPU
		{B4AD2662-896B-4521-AEF4-D8A5D4000AC1}.Release|Any CPU.Build.0 = Release|Any CPU
	EndGlobalSection
	GlobalSection(SolutionProperties) = preSolution
		HideSolutionNode = FALSE
	EndGlobalSection
	GlobalSection(ExtensibilityGlobals) = postSolution
		SolutionGuid = {267A249C-28A5-4611-A5ED-9A52085DC16C}
	EndGlobalSection
EndGlobal
